
Microsoft Visual Studio Solution File, Format Version 12.00
# Visual Studio Version 16
VisualStudioVersion = 16.0.30114.105
MinimumVisualStudioVersion = 10.0.40219.1
Project("{FAE04EC0-301F-11D3-BF4B-00C04F79EFBC}") = "WPF_Project", "WPF_Project.csproj", "{D5565293-AF57-40F0-826D-AAFBD9C52E18}"
EndProject
Global
	GlobalSection(SolutionConfigurationPlatforms) = preSolution
		Debug|Any CPU = Debug|Any CPU
		Release|Any CPU = Release|Any CPU
	EndGlobalSection
	GlobalSection(ProjectConfigurationPlatforms) = postSolution
		{D5565293-AF57-40F0-826D-AAFBD9C52E18}.Debug|Any CPU.ActiveCfg = Debug|Any CPU
		{D5565293-AF57-40F0-826D-AAFBD9C52E18}.Debug|Any CPU.Build.0 = Debug|Any CPU
		{D5565293-AF57-40F0-826D-AAFBD9C52E18}.Release|Any CPU.ActiveCfg = Release|Any CPU
		{D5565293-AF57-40F0-826D-AAFBD9C52E18}.Release|Any CPU.Build.0 = Release|Any CPU
	EndGlobalSection
	GlobalSection(SolutionProperties) = preSolution
		HideSolutionNode = FALSE
	EndGlobalSection
	GlobalSection(ExtensibilityGlobals) = postSolution
		SolutionGuid = {D2C535E4-3841-4874-B8E1-7E4A40E1C22B}
	EndGlobalSection
EndGlobal
